
Microsoft Visual Studio Solution File, Format Version 12.00
# Visual Studio Version 16
VisualStudioVersion = 16.0.31515.178
MinimumVisualStudioVersion = 10.0.40219.1
Project("{9092AA53-FB77-4645-B42D-1CCCA6BD08BD}") = "MS-Imaging", "MS-Imaging\MS-Imaging.njsproj", "{EAE681E8-A558-405A-8448-3528F79E2B89}"
EndProject
Global
	GlobalSection(SolutionConfigurationPlatforms) = preSolution
		Debug|Any CPU = Debug|Any CPU
		Release|Any CPU = Release|Any CPU
	EndGlobalSection
	GlobalSection(ProjectConfigurationPlatforms) = postSolution
		{EAE681E8-A558-405A-8448-3528F79E2B89}.Debug|Any CPU.ActiveCfg = Debug|Any CPU
		{EAE681E8-A558-405A-8448-3528F79E2B89}.Debug|Any CPU.Build.0 = Debug|Any CPU
		{EAE681E8-A558-405A-8448-3528F79E2B89}.Release|Any CPU.ActiveCfg = Release|Any CPU
		{EAE681E8-A558-405A-8448-3528F79E2B89}.Release|Any CPU.Build.0 = Release|Any CPU
	EndGlobalSection
	GlobalSection(SolutionProperties) = preSolution
		HideSolutionNode = FALSE
	EndGlobalSection
	GlobalSection(ExtensibilityGlobals) = postSolution
		SolutionGuid = {49DB14E9-0135-4D66-8BB6-4ABA53366CE0}
	EndGlobalSection
EndGlobal
